// !$*UTF8*$!
{
	archiveVersion = 1;
	classes = {
	};
	objectVersion = 46;
	objects = {

/* Begin PBXBuildFile section */
		000D4C9F1AEB03AE007E23AF /* Activities.swift in Sources */ = {isa = PBXBuildFile; fileRef = 000D4C9E1AEB03AE007E23AF /* Activities.swift */; };
		0045B51C1AEB0ABA008BC64C /* Tags.swift in Sources */ = {isa = PBXBuildFile; fileRef = 0045B51B1AEB0ABA008BC64C /* Tags.swift */; };
		0045B51E1AEB0F3E008BC64C /* ActivitiesViewController.swift in Sources */ = {isa = PBXBuildFile; fileRef = 0045B51D1AEB0F3E008BC64C /* ActivitiesViewController.swift */; };
		0045B5201AEB1397008BC64C /* ActivityCard.swift in Sources */ = {isa = PBXBuildFile; fileRef = 0045B51F1AEB1397008BC64C /* ActivityCard.swift */; };
		00BA99A81AE70A2C004826BD /* AppDelegate.swift in Sources */ = {isa = PBXBuildFile; fileRef = 00BA99A71AE70A2C004826BD /* AppDelegate.swift */; };
		00BA99AA1AE70A2C004826BD /* ViewController.swift in Sources */ = {isa = PBXBuildFile; fileRef = 00BA99A91AE70A2C004826BD /* ViewController.swift */; };
		00BA99AD1AE70A2C004826BD /* Main.storyboard in Resources */ = {isa = PBXBuildFile; fileRef = 00BA99AB1AE70A2C004826BD /* Main.storyboard */; };
		00BA99AF1AE70A2C004826BD /* Images.xcassets in Resources */ = {isa = PBXBuildFile; fileRef = 00BA99AE1AE70A2C004826BD /* Images.xcassets */; };
		00BA99B21AE70A2C004826BD /* LaunchScreen.xib in Resources */ = {isa = PBXBuildFile; fileRef = 00BA99B01AE70A2C004826BD /* LaunchScreen.xib */; };
		00BA99BE1AE70A2C004826BD /* JuSHTests.swift in Sources */ = {isa = PBXBuildFile; fileRef = 00BA99BD1AE70A2C004826BD /* JuSHTests.swift */; };
		00CFE6B51AEDF38F00E0DAC9 /* AvatarWithNameCell.swift in Sources */ = {isa = PBXBuildFile; fileRef = 00CFE6B41AEDF38F00E0DAC9 /* AvatarWithNameCell.swift */; };
		00D4AE991AE74934005D209F /* SocialAccountsViewController.swift in Sources */ = {isa = PBXBuildFile; fileRef = 00D4AE981AE74934005D209F /* SocialAccountsViewController.swift */; };
		00DBD5031AEB3D5D003FEE24 /* ActivityDetailsViewController.swift in Sources */ = {isa = PBXBuildFile; fileRef = 00DBD5021AEB3D5D003FEE24 /* ActivityDetailsViewController.swift */; };
		00E7F3AE1AEDB44000317219 /* MyActivitesViewController.swift in Sources */ = {isa = PBXBuildFile; fileRef = 00E7F3AD1AEDB44000317219 /* MyActivitesViewController.swift */; };
		00E7F3B01AEDBACF00317219 /* Users.swift in Sources */ = {isa = PBXBuildFile; fileRef = 00E7F3AF1AEDBACF00317219 /* Users.swift */; };
		00E7F3B21AEDC86700317219 /* ActivityHeaderCell.swift in Sources */ = {isa = PBXBuildFile; fileRef = 00E7F3B11AEDC86700317219 /* ActivityHeaderCell.swift */; };
		00EC325C1AE9E35200E3D48F /* InterestTag.swift in Sources */ = {isa = PBXBuildFile; fileRef = 00EC325B1AE9E35200E3D48F /* InterestTag.swift */; };
		00EC325E1AE9E51800E3D48F /* TagCollectionController.swift in Sources */ = {isa = PBXBuildFile; fileRef = 00EC325D1AE9E51800E3D48F /* TagCollectionController.swift */; };
/* End PBXBuildFile section */

/* Begin PBXContainerItemProxy section */
		00BA99B81AE70A2C004826BD /* PBXContainerItemProxy */ = {
			isa = PBXContainerItemProxy;
			containerPortal = 00BA999A1AE70A2C004826BD /* Project object */;
			proxyType = 1;
			remoteGlobalIDString = 00BA99A11AE70A2C004826BD;
			remoteInfo = JuSH;
		};
/* End PBXContainerItemProxy section */

/* Begin PBXFileReference section */
		000D4C9E1AEB03AE007E23AF /* Activities.swift */ = {isa = PBXFileReference; fileEncoding = 4; lastKnownFileType = sourcecode.swift; path = Activities.swift; sourceTree = "<group>"; };
		0045B51B1AEB0ABA008BC64C /* Tags.swift */ = {isa = PBXFileReference; fileEncoding = 4; lastKnownFileType = sourcecode.swift; path = Tags.swift; sourceTree = "<group>"; };
		0045B51D1AEB0F3E008BC64C /* ActivitiesViewController.swift */ = {isa = PBXFileReference; fileEncoding = 4; lastKnownFileType = sourcecode.swift; path = ActivitiesViewController.swift; sourceTree = "<group>"; };
		0045B51F1AEB1397008BC64C /* ActivityCard.swift */ = {isa = PBXFileReference; fileEncoding = 4; lastKnownFileType = sourcecode.swift; path = ActivityCard.swift; sourceTree = "<group>"; };
		00BA99A21AE70A2C004826BD /* JuSH.app */ = {isa = PBXFileReference; explicitFileType = wrapper.application; includeInIndex = 0; path = JuSH.app; sourceTree = BUILT_PRODUCTS_DIR; };
		00BA99A61AE70A2C004826BD /* Info.plist */ = {isa = PBXFileReference; lastKnownFileType = text.plist.xml; path = Info.plist; sourceTree = "<group>"; };
		00BA99A71AE70A2C004826BD /* AppDelegate.swift */ = {isa = PBXFileReference; lastKnownFileType = sourcecode.swift; path = AppDelegate.swift; sourceTree = "<group>"; };
		00BA99A91AE70A2C004826BD /* ViewController.swift */ = {isa = PBXFileReference; lastKnownFileType = sourcecode.swift; path = ViewController.swift; sourceTree = "<group>"; };
		00BA99AC1AE70A2C004826BD /* Base */ = {isa = PBXFileReference; lastKnownFileType = file.storyboard; name = Base; path = Base.lproj/Main.storyboard; sourceTree = "<group>"; };
		00BA99AE1AE70A2C004826BD /* Images.xcassets */ = {isa = PBXFileReference; lastKnownFileType = folder.assetcatalog; path = Images.xcassets; sourceTree = "<group>"; };
		00BA99B11AE70A2C004826BD /* Base */ = {isa = PBXFileReference; lastKnownFileType = file.xib; name = Base; path = Base.lproj/LaunchScreen.xib; sourceTree = "<group>"; };
		00BA99B71AE70A2C004826BD /* JuSHTests.xctest */ = {isa = PBXFileReference; explicitFileType = wrapper.cfbundle; includeInIndex = 0; path = JuSHTests.xctest; sourceTree = BUILT_PRODUCTS_DIR; };
		00BA99BC1AE70A2C004826BD /* Info.plist */ = {isa = PBXFileReference; lastKnownFileType = text.plist.xml; path = Info.plist; sourceTree = "<group>"; };
		00BA99BD1AE70A2C004826BD /* JuSHTests.swift */ = {isa = PBXFileReference; lastKnownFileType = sourcecode.swift; path = JuSHTests.swift; sourceTree = "<group>"; };
		00CFE6B41AEDF38F00E0DAC9 /* AvatarWithNameCell.swift */ = {isa = PBXFileReference; fileEncoding = 4; lastKnownFileType = sourcecode.swift; path = AvatarWithNameCell.swift; sourceTree = "<group>"; };
		00D4AE981AE74934005D209F /* SocialAccountsViewController.swift */ = {isa = PBXFileReference; fileEncoding = 4; lastKnownFileType = sourcecode.swift; path = SocialAccountsViewController.swift; sourceTree = "<group>"; };
		00DBD5021AEB3D5D003FEE24 /* ActivityDetailsViewController.swift */ = {isa = PBXFileReference; fileEncoding = 4; lastKnownFileType = sourcecode.swift; path = ActivityDetailsViewController.swift; sourceTree = "<group>"; };
		00E7F3AD1AEDB44000317219 /* MyActivitesViewController.swift */ = {isa = PBXFileReference; fileEncoding = 4; lastKnownFileType = sourcecode.swift; path = MyActivitesViewController.swift; sourceTree = "<group>"; };
		00E7F3AF1AEDBACF00317219 /* Users.swift */ = {isa = PBXFileReference; fileEncoding = 4; lastKnownFileType = sourcecode.swift; path = Users.swift; sourceTree = "<group>"; };
		00E7F3B11AEDC86700317219 /* ActivityHeaderCell.swift */ = {isa = PBXFileReference; fileEncoding = 4; lastKnownFileType = sourcecode.swift; path = ActivityHeaderCell.swift; sourceTree = "<group>"; };
		00EC325B1AE9E35200E3D48F /* InterestTag.swift */ = {isa = PBXFileReference; fileEncoding = 4; lastKnownFileType = sourcecode.swift; path = InterestTag.swift; sourceTree = "<group>"; };
		00EC325D1AE9E51800E3D48F /* TagCollectionController.swift */ = {isa = PBXFileReference; fileEncoding = 4; lastKnownFileType = sourcecode.swift; path = TagCollectionController.swift; sourceTree = "<group>"; };
/* End PBXFileReference section */

/* Begin PBXFrameworksBuildPhase section */
		00BA999F1AE70A2C004826BD /* Frameworks */ = {
			isa = PBXFrameworksBuildPhase;
			buildActionMask = 2147483647;
			files = (
			);
			runOnlyForDeploymentPostprocessing = 0;
		};
		00BA99B41AE70A2C004826BD /* Frameworks */ = {
			isa = PBXFrameworksBuildPhase;
			buildActionMask = 2147483647;
			files = (
			);
			runOnlyForDeploymentPostprocessing = 0;
		};
/* End PBXFrameworksBuildPhase section */

/* Begin PBXGroup section */
		000D4C9D1AEB0273007E23AF /* FakeData */ = {
			isa = PBXGroup;
			children = (
				000D4C9E1AEB03AE007E23AF /* Activities.swift */,
				0045B51B1AEB0ABA008BC64C /* Tags.swift */,
				00E7F3AF1AEDBACF00317219 /* Users.swift */,
			);
			name = FakeData;
			sourceTree = "<group>";
		};
		00BA99991AE70A2C004826BD = {
			isa = PBXGroup;
			children = (
				00BA99A41AE70A2C004826BD /* JuSH */,
				00BA99BA1AE70A2C004826BD /* JuSHTests */,
				00BA99A31AE70A2C004826BD /* Products */,
			);
			sourceTree = "<group>";
		};
		00BA99A31AE70A2C004826BD /* Products */ = {
			isa = PBXGroup;
			children = (
				00BA99A21AE70A2C004826BD /* JuSH.app */,
				00BA99B71AE70A2C004826BD /* JuSHTests.xctest */,
			);
			name = Products;
			sourceTree = "<group>";
		};
		00BA99A41AE70A2C004826BD /* JuSH */ = {
			isa = PBXGroup;
			children = (
				00CFE6B31AEDF35300E0DAC9 /* Cells */,
				000D4C9D1AEB0273007E23AF /* FakeData */,
				00D4AE971AE74902005D209F /* View Controllers */,
				00BA99A71AE70A2C004826BD /* AppDelegate.swift */,
				00BA99A91AE70A2C004826BD /* ViewController.swift */,
				00BA99AB1AE70A2C004826BD /* Main.storyboard */,
				00BA99AE1AE70A2C004826BD /* Images.xcassets */,
				00BA99B01AE70A2C004826BD /* LaunchScreen.xib */,
				00BA99A51AE70A2C004826BD /* Supporting Files */,
			);
			path = JuSH;
			sourceTree = "<group>";
		};
		00BA99A51AE70A2C004826BD /* Supporting Files */ = {
			isa = PBXGroup;
			children = (
				00BA99A61AE70A2C004826BD /* Info.plist */,
			);
			name = "Supporting Files";
			sourceTree = "<group>";
		};
		00BA99BA1AE70A2C004826BD /* JuSHTests */ = {
			isa = PBXGroup;
			children = (
				00BA99BD1AE70A2C004826BD /* JuSHTests.swift */,
				00BA99BB1AE70A2C004826BD /* Supporting Files */,
			);
			path = JuSHTests;
			sourceTree = "<group>";
		};
		00BA99BB1AE70A2C004826BD /* Supporting Files */ = {
			isa = PBXGroup;
			children = (
				00BA99BC1AE70A2C004826BD /* Info.plist */,
			);
			name = "Supporting Files";
			sourceTree = "<group>";
		};
		00CFE6B31AEDF35300E0DAC9 /* Cells */ = {
			isa = PBXGroup;
			children = (
				00E7F3B11AEDC86700317219 /* ActivityHeaderCell.swift */,
				0045B51F1AEB1397008BC64C /* ActivityCard.swift */,
				00EC325B1AE9E35200E3D48F /* InterestTag.swift */,
				00CFE6B41AEDF38F00E0DAC9 /* AvatarWithNameCell.swift */,
			);
			name = Cells;
			sourceTree = "<group>";
		};
		00D4AE971AE74902005D209F /* View Controllers */ = {
			isa = PBXGroup;
			children = (
				00D4AE981AE74934005D209F /* SocialAccountsViewController.swift */,
				00EC325D1AE9E51800E3D48F /* TagCollectionController.swift */,
				0045B51D1AEB0F3E008BC64C /* ActivitiesViewController.swift */,
				00DBD5021AEB3D5D003FEE24 /* ActivityDetailsViewController.swift */,
				00E7F3AD1AEDB44000317219 /* MyActivitesViewController.swift */,
			);
			name = "View Controllers";
			sourceTree = "<group>";
		};
/* End PBXGroup section */

/* Begin PBXNativeTarget section */
		00BA99A11AE70A2C004826BD /* JuSH */ = {
			isa = PBXNativeTarget;
			buildConfigurationList = 00BA99C11AE70A2C004826BD /* Build configuration list for PBXNativeTarget "JuSH" */;
			buildPhases = (
				00BA999E1AE70A2C004826BD /* Sources */,
				00BA999F1AE70A2C004826BD /* Frameworks */,
				00BA99A01AE70A2C004826BD /* Resources */,
			);
			buildRules = (
			);
			dependencies = (
			);
			name = JuSH;
			productName = JuSH;
			productReference = 00BA99A21AE70A2C004826BD /* JuSH.app */;
			productType = "com.apple.product-type.application";
		};
		00BA99B61AE70A2C004826BD /* JuSHTests */ = {
			isa = PBXNativeTarget;
			buildConfigurationList = 00BA99C41AE70A2C004826BD /* Build configuration list for PBXNativeTarget "JuSHTests" */;
			buildPhases = (
				00BA99B31AE70A2C004826BD /* Sources */,
				00BA99B41AE70A2C004826BD /* Frameworks */,
				00BA99B51AE70A2C004826BD /* Resources */,
			);
			buildRules = (
			);
			dependencies = (
				00BA99B91AE70A2C004826BD /* PBXTargetDependency */,
			);
			name = JuSHTests;
			productName = JuSHTests;
			productReference = 00BA99B71AE70A2C004826BD /* JuSHTests.xctest */;
			productType = "com.apple.product-type.bundle.unit-test";
		};
/* End PBXNativeTarget section */

/* Begin PBXProject section */
		00BA999A1AE70A2C004826BD /* Project object */ = {
			isa = PBXProject;
			attributes = {
				LastUpgradeCheck = 0630;
				ORGANIZATIONNAME = "Alice Q Wong";
				TargetAttributes = {
					00BA99A11AE70A2C004826BD = {
						CreatedOnToolsVersion = 6.3;
					};
					00BA99B61AE70A2C004826BD = {
						CreatedOnToolsVersion = 6.3;
						TestTargetID = 00BA99A11AE70A2C004826BD;
					};
				};
			};
			buildConfigurationList = 00BA999D1AE70A2C004826BD /* Build configuration list for PBXProject "JuSH" */;
			compatibilityVersion = "Xcode 3.2";
			developmentRegion = English;
			hasScannedForEncodings = 0;
			knownRegions = (
				en,
				Base,
			);
			mainGroup = 00BA99991AE70A2C004826BD;
			productRefGroup = 00BA99A31AE70A2C004826BD /* Products */;
			projectDirPath = "";
			projectRoot = "";
			targets = (
				00BA99A11AE70A2C004826BD /* JuSH */,
				00BA99B61AE70A2C004826BD /* JuSHTests */,
			);
		};
/* End PBXProject section */

/* Begin PBXResourcesBuildPhase section */
		00BA99A01AE70A2C004826BD /* Resources */ = {
			isa = PBXResourcesBuildPhase;
			buildActionMask = 2147483647;
			files = (
				00BA99AD1AE70A2C004826BD /* Main.storyboard in Resources */,
				00BA99B21AE70A2C004826BD /* LaunchScreen.xib in Resources */,
				00BA99AF1AE70A2C004826BD /* Images.xcassets in Resources */,
			);
			runOnlyForDeploymentPostprocessing = 0;
		};
		00BA99B51AE70A2C004826BD /* Resources */ = {
			isa = PBXResourcesBuildPhase;
			buildActionMask = 2147483647;
			files = (
			);
			runOnlyForDeploymentPostprocessing = 0;
		};
/* End PBXResourcesBuildPhase section */

/* Begin PBXSourcesBuildPhase section */
		00BA999E1AE70A2C004826BD /* Sources */ = {
			isa = PBXSourcesBuildPhase;
			buildActionMask = 2147483647;
			files = (
				00DBD5031AEB3D5D003FEE24 /* ActivityDetailsViewController.swift in Sources */,
				00BA99AA1AE70A2C004826BD /* ViewController.swift in Sources */,
				00BA99A81AE70A2C004826BD /* AppDelegate.swift in Sources */,
				00CFE6B51AEDF38F00E0DAC9 /* AvatarWithNameCell.swift in Sources */,
				0045B5201AEB1397008BC64C /* ActivityCard.swift in Sources */,
				00E7F3B01AEDBACF00317219 /* Users.swift in Sources */,
				0045B51C1AEB0ABA008BC64C /* Tags.swift in Sources */,
				000D4C9F1AEB03AE007E23AF /* Activities.swift in Sources */,
				00EC325C1AE9E35200E3D48F /* InterestTag.swift in Sources */,
				00E7F3B21AEDC86700317219 /* ActivityHeaderCell.swift in Sources */,
				00E7F3AE1AEDB44000317219 /* MyActivitesViewController.swift in Sources */,
				0045B51E1AEB0F3E008BC64C /* ActivitiesViewController.swift in Sources */,
				00D4AE991AE74934005D209F /* SocialAccountsViewController.swift in Sources */,
				00EC325E1AE9E51800E3D48F /* TagCollectionController.swift in Sources */,
			);
			runOnlyForDeploymentPostprocessing = 0;
		};
		00BA99B31AE70A2C004826BD /* Sources */ = {
			isa = PBXSourcesBuildPhase;
			buildActionMask = 2147483647;
			files = (
				00BA99BE1AE70A2C004826BD /* JuSHTests.swift in Sources */,
			);
			runOnlyForDeploymentPostprocessing = 0;
		};
/* End PBXSourcesBuildPhase section */

/* Begin PBXTargetDependency section */
		00BA99B91AE70A2C004826BD /* PBXTargetDependency */ = {
			isa = PBXTargetDependency;
			target = 00BA99A11AE70A2C004826BD /* JuSH */;
			targetProxy = 00BA99B81AE70A2C004826BD /* PBXContainerItemProxy */;
		};
/* End PBXTargetDependency section */

/* Begin PBXVariantGroup section */
		00BA99AB1AE70A2C004826BD /* Main.storyboard */ = {
			isa = PBXVariantGroup;
			children = (
				00BA99AC1AE70A2C004826BD /* Base */,
			);
			name = Main.storyboard;
			sourceTree = "<group>";
		};
		00BA99B01AE70A2C004826BD /* LaunchScreen.xib */ = {
			isa = PBXVariantGroup;
			children = (
				00BA99B11AE70A2C004826BD /* Base */,
			);
			name = LaunchScreen.xib;
			sourceTree = "<group>";
		};
/* End PBXVariantGroup section */

/* Begin XCBuildConfiguration section */
		00BA99BF1AE70A2C004826BD /* Debug */ = {
			isa = XCBuildConfiguration;
			buildSettings = {
				ALWAYS_SEARCH_USER_PATHS = NO;
				CLANG_CXX_LANGUAGE_STANDARD = "gnu++0x";
				CLANG_CXX_LIBRARY = "libc++";
				CLANG_ENABLE_MODULES = YES;
				CLANG_ENABLE_OBJC_ARC = YES;
				CLANG_WARN_BOOL_CONVERSION = YES;
				CLANG_WARN_CONSTANT_CONVERSION = YES;
				CLANG_WARN_DIRECT_OBJC_ISA_USAGE = YES_ERROR;
				CLANG_WARN_EMPTY_BODY = YES;
				CLANG_WARN_ENUM_CONVERSION = YES;
				CLANG_WARN_INT_CONVERSION = YES;
				CLANG_WARN_OBJC_ROOT_CLASS = YES_ERROR;
				CLANG_WARN_UNREACHABLE_CODE = YES;
				CLANG_WARN__DUPLICATE_METHOD_MATCH = YES;
				"CODE_SIGN_IDENTITY[sdk=iphoneos*]" = "iPhone Developer";
				COPY_PHASE_STRIP = NO;
				DEBUG_INFORMATION_FORMAT = "dwarf-with-dsym";
				ENABLE_STRICT_OBJC_MSGSEND = YES;
				GCC_C_LANGUAGE_STANDARD = gnu99;
				GCC_DYNAMIC_NO_PIC = NO;
				GCC_NO_COMMON_BLOCKS = YES;
				GCC_OPTIMIZATION_LEVEL = 0;
				GCC_PREPROCESSOR_DEFINITIONS = (
					"DEBUG=1",
					"$(inherited)",
				);
				GCC_SYMBOLS_PRIVATE_EXTERN = NO;
				GCC_WARN_64_TO_32_BIT_CONVERSION = YES;
				GCC_WARN_ABOUT_RETURN_TYPE = YES_ERROR;
				GCC_WARN_UNDECLARED_SELECTOR = YES;
				GCC_WARN_UNINITIALIZED_AUTOS = YES_AGGRESSIVE;
				GCC_WARN_UNUSED_FUNCTION = YES;
				GCC_WARN_UNUSED_VARIABLE = YES;
				IPHONEOS_DEPLOYMENT_TARGET = 8.3;
				MTL_ENABLE_DEBUG_INFO = YES;
				ONLY_ACTIVE_ARCH = YES;
				SDKROOT = iphoneos;
				SWIFT_OPTIMIZATION_LEVEL = "-Onone";
			};
			name = Debug;
		};
		00BA99C01AE70A2C004826BD /* Release */ = {
			isa = XCBuildConfiguration;
			buildSettings = {
				ALWAYS_SEARCH_USER_PATHS = NO;
				CLANG_CXX_LANGUAGE_STANDARD = "gnu++0x";
				CLANG_CXX_LIBRARY = "libc++";
				CLANG_ENABLE_MODULES = YES;
				CLANG_ENABLE_OBJC_ARC = YES;
				CLANG_WARN_BOOL_CONVERSION = YES;
				CLANG_WARN_CONSTANT_CONVERSION = YES;
				CLANG_WARN_DIRECT_OBJC_ISA_USAGE = YES_ERROR;
				CLANG_WARN_EMPTY_BODY = YES;
				CLANG_WARN_ENUM_CONVERSION = YES;
				CLANG_WARN_INT_CONVERSION = YES;
				CLANG_WARN_OBJC_ROOT_CLASS = YES_ERROR;
				CLANG_WARN_UNREACHABLE_CODE = YES;
				CLANG_WARN__DUPLICATE_METHOD_MATCH = YES;
				"CODE_SIGN_IDENTITY[sdk=iphoneos*]" = "iPhone Developer";
				COPY_PHASE_STRIP = NO;
				DEBUG_INFORMATION_FORMAT = "dwarf-with-dsym";
				ENABLE_NS_ASSERTIONS = NO;
				ENABLE_STRICT_OBJC_MSGSEND = YES;
				GCC_C_LANGUAGE_STANDARD = gnu99;
				GCC_NO_COMMON_BLOCKS = YES;
				GCC_WARN_64_TO_32_BIT_CONVERSION = YES;
				GCC_WARN_ABOUT_RETURN_TYPE = YES_ERROR;
				GCC_WARN_UNDECLARED_SELECTOR = YES;
				GCC_WARN_UNINITIALIZED_AUTOS = YES_AGGRESSIVE;
				GCC_WARN_UNUSED_FUNCTION = YES;
				GCC_WARN_UNUSED_VARIABLE = YES;
				IPHONEOS_DEPLOYMENT_TARGET = 8.3;
				MTL_ENABLE_DEBUG_INFO = NO;
				SDKROOT = iphoneos;
				VALIDATE_PRODUCT = YES;
			};
			name = Release;
		};
		00BA99C21AE70A2C004826BD /* Debug */ = {
			isa = XCBuildConfiguration;
			buildSettings = {
				ASSETCATALOG_COMPILER_APPICON_NAME = AppIcon;
				INFOPLIST_FILE = JuSH/Info.plist;
				LD_RUNPATH_SEARCH_PATHS = "$(inherited) @executable_path/Frameworks";
				PRODUCT_NAME = "$(TARGET_NAME)";
			};
			name = Debug;
		};
		00BA99C31AE70A2C004826BD /* Release */ = {
			isa = XCBuildConfiguration;
			buildSettings = {
				ASSETCATALOG_COMPILER_APPICON_NAME = AppIcon;
				INFOPLIST_FILE = JuSH/Info.plist;
				LD_RUNPATH_SEARCH_PATHS = "$(inherited) @executable_path/Frameworks";
				PRODUCT_NAME = "$(TARGET_NAME)";
			};
			name = Release;
		};
		00BA99C51AE70A2C004826BD /* Debug */ = {
			isa = XCBuildConfiguration;
			buildSettings = {
				BUNDLE_LOADER = "$(TEST_HOST)";
				FRAMEWORK_SEARCH_PATHS = (
					"$(SDKROOT)/Developer/Library/Frameworks",
					"$(inherited)",
				);
				GCC_PREPROCESSOR_DEFINITIONS = (
					"DEBUG=1",
					"$(inherited)",
				);
				INFOPLIST_FILE = JuSHTests/Info.plist;
				LD_RUNPATH_SEARCH_PATHS = "$(inherited) @executable_path/Frameworks @loader_path/Frameworks";
				PRODUCT_NAME = "$(TARGET_NAME)";
				TEST_HOST = "$(BUILT_PRODUCTS_DIR)/JuSH.app/JuSH";
			};
			name = Debug;
		};
		00BA99C61AE70A2C004826BD /* Release */ = {
			isa = XCBuildConfiguration;
			buildSettings = {
				BUNDLE_LOADER = "$(TEST_HOST)";
				FRAMEWORK_SEARCH_PATHS = (
					"$(SDKROOT)/Developer/Library/Frameworks",
					"$(inherited)",
				);
				INFOPLIST_FILE = JuSHTests/Info.plist;
				LD_RUNPATH_SEARCH_PATHS = "$(inherited) @executable_path/Frameworks @loader_path/Frameworks";
				PRODUCT_NAME = "$(TARGET_NAME)";
				TEST_HOST = "$(BUILT_PRODUCTS_DIR)/JuSH.app/JuSH";
			};
			name = Release;
		};
/* End XCBuildConfiguration section */

/* Begin XCConfigurationList section */
		00BA999D1AE70A2C004826BD /* Build configuration list for PBXProject "JuSH" */ = {
			isa = XCConfigurationList;
			buildConfigurations = (
				00BA99BF1AE70A2C004826BD /* Debug */,
				00BA99C01AE70A2C004826BD /* Release */,
			);
			defaultConfigurationIsVisible = 0;
			defaultConfigurationName = Release;
		};
		00BA99C11AE70A2C004826BD /* Build configuration list for PBXNativeTarget "JuSH" */ = {
			isa = XCConfigurationList;
			buildConfigurations = (
				00BA99C21AE70A2C004826BD /* Debug */,
				00BA99C31AE70A2C004826BD /* Release */,
			);
			defaultConfigurationIsVisible = 0;
			defaultConfigurationName = Release;
		};
		00BA99C41AE70A2C004826BD /* Build configuration list for PBXNativeTarget "JuSHTests" */ = {
			isa = XCConfigurationList;
			buildConfigurations = (
				00BA99C51AE70A2C004826BD /* Debug */,
				00BA99C61AE70A2C004826BD /* Release */,
			);
			defaultConfigurationIsVisible = 0;
			defaultConfigurationName = Release;
		};
/* End XCConfigurationList section */
	};
	rootObject = 00BA999A1AE70A2C004826BD /* Project object */;
}
